
Microsoft Visual Studio Solution File, Format Version 12.00
# Visual Studio Version 16
VisualStudioVersion = 16.0.30611.23
MinimumVisualStudioVersion = 10.0.40219.1
Project("{FAE04EC0-301F-11D3-BF4B-00C04F79EFBC}") = "LedEcoKatalog", "LedEcoKatalog\LedEcoKatalog.csproj", "{D181EFC4-E553-42E3-B1D5-B55E6B2B95AA}"
EndProject
Global
	GlobalSection(SolutionConfigurationPlatforms) = preSolution
		Debug|Any CPU = Debug|Any CPU
		Release|Any CPU = Release|Any CPU
	EndGlobalSection
	GlobalSection(ProjectConfigurationPlatforms) = postSolution
		{D181EFC4-E553-42E3-B1D5-B55E6B2B95AA}.Debug|Any CPU.ActiveCfg = Debug|Any CPU
		{D181EFC4-E553-42E3-B1D5-B55E6B2B95AA}.Debug|Any CPU.Build.0 = Debug|Any CPU
		{D181EFC4-E553-42E3-B1D5-B55E6B2B95AA}.Release|Any CPU.ActiveCfg = Release|Any CPU
		{D181EFC4-E553-42E3-B1D5-B55E6B2B95AA}.Release|Any CPU.Build.0 = Release|Any CPU
	EndGlobalSection
	GlobalSection(SolutionProperties) = preSolution
		HideSolutionNode = FALSE
	EndGlobalSection
	GlobalSection(ExtensibilityGlobals) = postSolution
		SolutionGuid = {BAE49C29-1F23-45EA-B340-76332CC231DA}
	EndGlobalSection
EndGlobal
